schema: '2.0'
stages:
  split_data:
    cmd: "\"C:\\Program Files\\R\\R-4.0.4\\bin\\Rscript\" .\\src\\split_data.R .\\\
      params.yaml\n"
    deps:
    - path: data/raw/training_set_features.csv
      md5: fa21e50d583f58cb061f23a5d4b399f5
      size: 4619138
    - path: data/raw/training_set_labels.csv
      md5: 50c721474af14327796774868ecaabf0
      size: 256004
    - path: src/split_data.R
      md5: 51865305c2305a5d1a4a042a0c661423
      size: 1338
    outs:
    - path: data/processed/test_flushot.csv
      md5: a2a684b5fd381096b69e9bb83f5920a3
      size: 1215944
    - path: data/processed/train_flushot.csv
      md5: 42ea882444c8e4777159eca90d36801e
      size: 3632265
  train_model:
    cmd: "\"C:\\Program Files\\R\\R-4.0.4\\bin\\Rscript\" .\\src\\train_model.R .\\\
      params.yaml\n"
    deps:
    - path: data/processed/train_flushot.csv
      md5: c779cb9e85f6edd5af896dcbb66f6664
      size: 15796667
    - path: params.yaml
      md5: 47426704f9ca98a48754e28d5c14252b
      size: 575
    - path: src/train_model.R
      md5: 6f83fb0de4d1281d14c45c317cf998d1
      size: 2781
    outs:
    - path: models/model_cart.rda
      md5: 0cc10848ac8b4283c724794578e5ff0b
      size: 1641742
    - path: reports/scores.json
      md5: 303f98e5af22715edb7fc51b0847ae24
      size: 84
  test_model:
    cmd: "\"C:\\Program Files\\R\\R-4.0.4\\bin\\Rscript\" .\\src\\test_model.R .\\\
      params.yaml\n"
    deps:
    - path: data/processed/test_flushot.csv
      md5: a2a684b5fd381096b69e9bb83f5920a3
      size: 1215944
    - path: models/model_cart.rda
      md5: 4df520d26c6bf3716fd06e93b7b50d33
      size: 1708911
    - path: src/test_model.R
      md5: 8ce3f638176be719d53a9fb6ded92489
      size: 1556
    outs:
    - path: reports/scores.json
      md5: fd40a7cde0a6036faae8cbe0fee57441
      size: 77
  make_submission_file:
    cmd: "\"C:\\Program Files\\R\\R-4.0.4\\bin\\Rscript\" .\\src\\make_submission_file.R\
      \ .\\params.yaml\n"
    deps:
    - path: data/processed/test_flushot.csv
      md5: 8f80395c4ed58c64c6a26cac5f551b96
      size: 15838786
    - path: models/model_cart.rda
      md5: 0cc10848ac8b4283c724794578e5ff0b
      size: 1641742
    - path: params.yaml
      md5: 47426704f9ca98a48754e28d5c14252b
      size: 575
    - path: src/make_submission_file.R
      md5: 5bfa81b561af46f5340917488616625b
      size: 1659
    outs:
    - path: reports/submission.csv
      md5: e8a38e7aa720c0329814e2a90ccabeb9
      size: 1215374
  preprocess_data:
    cmd: "python src/preprocess_data.py --config=params.yaml\n"
    deps:
    - path: data/raw/training_set_features.csv
      md5: fa21e50d583f58cb061f23a5d4b399f5
      size: 4619138
    - path: data/raw/training_set_labels.csv
      md5: 50c721474af14327796774868ecaabf0
      size: 256004
    - path: src/preprocess_data.py
      md5: 19ee7ca070ace87a61ff81fbf77cb83c
      size: 1144
    outs:
    - path: data/processed/train_flushot.csv
      md5: 36e23962524e7163f024333de9087634
      size: 1509227
  preprocess_train_data:
    cmd: "python src/preprocess_data.py --config=params.yaml\n"
    deps:
    - path: data/raw/training_set_features.csv
      md5: fa21e50d583f58cb061f23a5d4b399f5
      size: 4619138
    - path: data/raw/training_set_labels.csv
      md5: 50c721474af14327796774868ecaabf0
      size: 256004
    - path: params.yaml
      md5: 47426704f9ca98a48754e28d5c14252b
      size: 575
    - path: src/preprocess_data.py
      md5: 4280b785254982c81f54a90b5553caf3
      size: 5085
    outs:
    - path: data/processed/train_flushot.csv
      md5: c779cb9e85f6edd5af896dcbb66f6664
      size: 15796667
  preprocess_test_data:
    cmd: "python src/preprocess_data.py --config=params.yaml --test=True\n"
    deps:
    - path: data/raw/test_set_features.csv
      md5: 6a174abc5889e8a28ec3ce3d58e944b5
      size: 4633317
    - path: params.yaml
      md5: 47426704f9ca98a48754e28d5c14252b
      size: 575
    - path: src/preprocess_data.py
      md5: 4280b785254982c81f54a90b5553caf3
      size: 5085
    outs:
    - path: data/processed/test_flushot.csv
      md5: 8f80395c4ed58c64c6a26cac5f551b96
      size: 15838786
