schema: '2.0'
stages:
  split_data:
    cmd: "\"C:\\Program Files\\R\\R-4.0.4\\bin\\Rscript\" .\\src\\split_data.R .\\\
      params.yaml\n"
    deps:
    - path: data/raw/test_set_features.csv
      md5: 6a174abc5889e8a28ec3ce3d58e944b5
      size: 4633317
    - path: data/raw/training_set_features.csv
      md5: fa21e50d583f58cb061f23a5d4b399f5
      size: 4619138
    - path: src/split_data.R
      md5: 51865305c2305a5d1a4a042a0c661423
      size: 1338
    outs:
    - path: data/processed/test_flushot.csv
      md5: a2a684b5fd381096b69e9bb83f5920a3
      size: 1215944
    - path: data/processed/train_flushot.csv
      md5: 42ea882444c8e4777159eca90d36801e
      size: 3632265
  train_model:
    cmd: "\"C:\\Program Files\\R\\R-4.0.4\\bin\\Rscript\" .\\src\\train_model.R .\\\
      params.yaml\n"
    deps:
    - path: data/processed/train_flushot.csv
      md5: 42ea882444c8e4777159eca90d36801e
      size: 3632265
    - path: src/train_model.R
      md5: 1986cf2950db107686aecfa96baa134c
      size: 879
    outs:
    - path: models/model_cart.rda
      md5: c4afa0063e83269b5cd6be9ca540da47
      size: 1161610
  test_model:
    cmd: "\"C:\\Program Files\\R\\R-4.0.4\\bin\\Rscript\" .\\src\\test_model.R .\\\
      params.yaml\n"
    deps:
    - path: data/processed/test_flushot.csv
      md5: a2a684b5fd381096b69e9bb83f5920a3
      size: 1215944
    - path: src/test_model.R
      md5: a426db0b85842439116b80b6aba6c9c0
      size: 1263
    outs:
    - path: reports/scores.json
      md5: fbb872c08b6a66d0ba88c0c2201a9389
      size: 27
